// !$*UTF8*$!
{
	archiveVersion = 1;
	classes = {
	};
	objectVersion = 46;
	objects = {

/* Begin PBXBuildFile section */
		6FEBE133177220B40091BE0F /* UIKit.framework in Frameworks */ = {isa = PBXBuildFile; fileRef = 6FEBE132177220B40091BE0F /* UIKit.framework */; };
		6FEBE135177220B40091BE0F /* Foundation.framework in Frameworks */ = {isa = PBXBuildFile; fileRef = 6FEBE134177220B40091BE0F /* Foundation.framework */; };
		6FEBE137177220B40091BE0F /* CoreGraphics.framework in Frameworks */ = {isa = PBXBuildFile; fileRef = 6FEBE136177220B40091BE0F /* CoreGraphics.framework */; };
		6FEBE13D177220B40091BE0F /* InfoPlist.strings in Resources */ = {isa = PBXBuildFile; fileRef = 6FEBE13B177220B40091BE0F /* InfoPlist.strings */; };
		6FEBE13F177220B40091BE0F /* main.m in Sources */ = {isa = PBXBuildFile; fileRef = 6FEBE13E177220B40091BE0F /* main.m */; };
		6FEBE143177220B40091BE0F /* QCAppDelegate.m in Sources */ = {isa = PBXBuildFile; fileRef = 6FEBE142177220B40091BE0F /* QCAppDelegate.m */; };
		6FEBE145177220B40091BE0F /* Default.png in Resources */ = {isa = PBXBuildFile; fileRef = 6FEBE144177220B40091BE0F /* Default.png */; };
		6FEBE147177220B40091BE0F /* Default@2x.png in Resources */ = {isa = PBXBuildFile; fileRef = 6FEBE146177220B40091BE0F /* Default@2x.png */; };
		6FEBE149177220B40091BE0F /* Default-568h@2x.png in Resources */ = {isa = PBXBuildFile; fileRef = 6FEBE148177220B40091BE0F /* Default-568h@2x.png */; };
		6FEBE14C177220B40091BE0F /* QCViewController.m in Sources */ = {isa = PBXBuildFile; fileRef = 6FEBE14B177220B40091BE0F /* QCViewController.m */; };
		6FEBE14F177220B40091BE0F /* QCViewController.xib in Resources */ = {isa = PBXBuildFile; fileRef = 6FEBE14D177220B40091BE0F /* QCViewController.xib */; };
/* End PBXBuildFile section */

/* Begin PBXFileReference section */
		6FEBE12F177220B40091BE0F /* TemplateForTaskListProject.app */ = {isa = PBXFileReference; explicitFileType = wrapper.application; includeInIndex = 0; path = TemplateForTaskListProject.app; sourceTree = BUILT_PRODUCTS_DIR; };
		6FEBE132177220B40091BE0F /* UIKit.framework */ = {isa = PBXFileReference; lastKnownFileType = wrapper.framework; name = UIKit.framework; path = System/Library/Frameworks/UIKit.framework; sourceTree = SDKROOT; };
		6FEBE134177220B40091BE0F /* Foundation.framework */ = {isa = PBXFileReference; lastKnownFileType = wrapper.framework; name = Foundation.framework; path = System/Library/Frameworks/Foundation.framework; sourceTree = SDKROOT; };
		6FEBE136177220B40091BE0F /* CoreGraphics.framework */ = {isa = PBXFileReference; lastKnownFileType = wrapper.framework; name = CoreGraphics.framework; path = System/Library/Frameworks/CoreGraphics.framework; sourceTree = SDKROOT; };
		6FEBE13A177220B40091BE0F /* TemplateForTaskListProject-Info.plist */ = {isa = PBXFileReference; lastKnownFileType = text.plist.xml; path = "TemplateForTaskListProject-Info.plist"; sourceTree = "<group>"; };
		6FEBE13C177220B40091BE0F /* en */ = {isa = PBXFileReference; lastKnownFileType = text.plist.strings; name = en; path = en.lproj/InfoPlist.strings; sourceTree = "<group>"; };
		6FEBE13E177220B40091BE0F /* main.m */ = {isa = PBXFileReference; lastKnownFileType = sourcecode.c.objc; path = main.m; sourceTree = "<group>"; };
		6FEBE140177220B40091BE0F /* TemplateForTaskListProject-Prefix.pch */ = {isa = PBXFileReference; lastKnownFileType = sourcecode.c.h; path = "TemplateForTaskListProject-Prefix.pch"; sourceTree = "<group>"; };
		6FEBE141177220B40091BE0F /* QCAppDelegate.h */ = {isa = PBXFileReference; lastKnownFileType = sourcecode.c.h; path = QCAppDelegate.h; sourceTree = "<group>"; };
		6FEBE142177220B40091BE0F /* QCAppDelegate.m */ = {isa = PBXFileReference; lastKnownFileType = sourcecode.c.objc; path = QCAppDelegate.m; sourceTree = "<group>"; };
		6FEBE144177220B40091BE0F /* Default.png */ = {isa = PBXFileReference; lastKnownFileType = image.png; path = Default.png; sourceTree = "<group>"; };
		6FEBE146177220B40091BE0F /* Default@2x.png */ = {isa = PBXFileReference; lastKnownFileType = image.png; path = "Default@2x.png"; sourceTree = "<group>"; };
		6FEBE148177220B40091BE0F /* Default-568h@2x.png */ = {isa = PBXFileReference; lastKnownFileType = image.png; path = "Default-568h@2x.png"; sourceTree = "<group>"; };
		6FEBE14A177220B40091BE0F /* QCViewController.h */ = {isa = PBXFileReference; lastKnownFileType = sourcecode.c.h; path = QCViewController.h; sourceTree = "<group>"; };
		6FEBE14B177220B40091BE0F /* QCViewController.m */ = {isa = PBXFileReference; lastKnownFileType = sourcecode.c.objc; path = QCViewController.m; sourceTree = "<group>"; };
		6FEBE14E177220B40091BE0F /* en */ = {isa = PBXFileReference; lastKnownFileType = file.xib; name = en; path = en.lproj/QCViewController.xib; sourceTree = "<group>"; };
/* End PBXFileReference section */

/* Begin PBXFrameworksBuildPhase section */
		6FEBE12C177220B40091BE0F /* Frameworks */ = {
			isa = PBXFrameworksBuildPhase;
			buildActionMask = 2147483647;
			files = (
				6FEBE133177220B40091BE0F /* UIKit.framework in Frameworks */,
				6FEBE135177220B40091BE0F /* Foundation.framework in Frameworks */,
				6FEBE137177220B40091BE0F /* CoreGraphics.framework in Frameworks */,
			);
			runOnlyForDeploymentPostprocessing = 0;
		};
/* End PBXFrameworksBuildPhase section */

/* Begin PBXGroup section */
		6FEBE126177220B40091BE0F = {
			isa = PBXGroup;
			children = (
				6FEBE138177220B40091BE0F /* TemplateForTaskListProject */,
				6FEBE131177220B40091BE0F /* Frameworks */,
				6FEBE130177220B40091BE0F /* Products */,
			);
			sourceTree = "<group>";
		};
		6FEBE130177220B40091BE0F /* Products */ = {
			isa = PBXGroup;
			children = (
				6FEBE12F177220B40091BE0F /* TemplateForTaskListProject.app */,
			);
			name = Products;
			sourceTree = "<group>";
		};
		6FEBE131177220B40091BE0F /* Frameworks */ = {
			isa = PBXGroup;
			children = (
				6FEBE132177220B40091BE0F /* UIKit.framework */,
				6FEBE134177220B40091BE0F /* Foundation.framework */,
				6FEBE136177220B40091BE0F /* CoreGraphics.framework */,
			);
			name = Frameworks;
			sourceTree = "<group>";
		};
		6FEBE138177220B40091BE0F /* TemplateForTaskListProject */ = {
			isa = PBXGroup;
			children = (
				6FEBE141177220B40091BE0F /* QCAppDelegate.h */,
				6FEBE142177220B40091BE0F /* QCAppDelegate.m */,
				6FEBE14A177220B40091BE0F /* QCViewController.h */,
				6FEBE14B177220B40091BE0F /* QCViewController.m */,
				6FEBE14D177220B40091BE0F /* QCViewController.xib */,
				6FEBE139177220B40091BE0F /* Supporting Files */,
			);
			path = TemplateForTaskListProject;
			sourceTree = "<group>";
		};
		6FEBE139177220B40091BE0F /* Supporting Files */ = {
			isa = PBXGroup;
			children = (
				6FEBE13A177220B40091BE0F /* TemplateForTaskListProject-Info.plist */,
				6FEBE13B177220B40091BE0F /* InfoPlist.strings */,
				6FEBE13E177220B40091BE0F /* main.m */,
				6FEBE140177220B40091BE0F /* TemplateForTaskListProject-Prefix.pch */,
				6FEBE144177220B40091BE0F /* Default.png */,
				6FEBE146177220B40091BE0F /* Default@2x.png */,
				6FEBE148177220B40091BE0F /* Default-568h@2x.png */,
			);
			name = "Supporting Files";
			sourceTree = "<group>";
		};
/* End PBXGroup section */

/* Begin PBXNativeTarget section */
		6FEBE12E177220B40091BE0F /* TemplateForTaskListProject */ = {
			isa = PBXNativeTarget;
			buildConfigurationList = 6FEBE152177220B40091BE0F /* Build configuration list for PBXNativeTarget "TemplateForTaskListProject" */;
			buildPhases = (
				6FEBE12B177220B40091BE0F /* Sources */,
				6FEBE12C177220B40091BE0F /* Frameworks */,
				6FEBE12D177220B40091BE0F /* Resources */,
			);
			buildRules = (
			);
			dependencies = (
			);
			name = TemplateForTaskListProject;
			productName = TemplateForTaskListProject;
			productReference = 6FEBE12F177220B40091BE0F /* TemplateForTaskListProject.app */;
			productType = "com.apple.product-type.application";
		};
/* End PBXNativeTarget section */

/* Begin PBXProject section */
		6FEBE127177220B40091BE0F /* Project object */ = {
			isa = PBXProject;
			attributes = {
				CLASSPREFIX = QC;
				LastUpgradeCheck = 0460;
				ORGANIZATIONNAME = self.edu;
			};
			buildConfigurationList = 6FEBE12A177220B40091BE0F /* Build configuration list for PBXProject "TemplateForTaskListProject" */;
			compatibilityVersion = "Xcode 3.2";
			developmentRegion = English;
			hasScannedForEncodings = 0;
			knownRegions = (
				en,
			);
			mainGroup = 6FEBE126177220B40091BE0F;
			productRefGroup = 6FEBE130177220B40091BE0F /* Products */;
			projectDirPath = "";
			projectRoot = "";
			targets = (
				6FEBE12E177220B40091BE0F /* TemplateForTaskListProject */,
			);
		};
/* End PBXProject section */

/* Begin PBXResourcesBuildPhase section */
		6FEBE12D177220B40091BE0F /* Resources */ = {
			isa = PBXResourcesBuildPhase;
			buildActionMask = 2147483647;
			files = (
				6FEBE13D177220B40091BE0F /* InfoPlist.strings in Resources */,
				6FEBE145177220B40091BE0F /* Default.png in Resources */,
				6FEBE147177220B40091BE0F /* Default@2x.png in Resources */,
				6FEBE149177220B40091BE0F /* Default-568h@2x.png in Resources */,
				6FEBE14F177220B40091BE0F /* QCViewController.xib in Resources */,
			);
			runOnlyForDeploymentPostprocessing = 0;
		};
/* End PBXResourcesBuildPhase section */

/* Begin PBXSourcesBuildPhase section */
		6FEBE12B177220B40091BE0F /* Sources */ = {
			isa = PBXSourcesBuildPhase;
			buildActionMask = 2147483647;
			files = (
				6FEBE13F177220B40091BE0F /* main.m in Sources */,
				6FEBE143177220B40091BE0F /* QCAppDelegate.m in Sources */,
				6FEBE14C177220B40091BE0F /* QCViewController.m in Sources */,
			);
			runOnlyForDeploymentPostprocessing = 0;
		};
/* End PBXSourcesBuildPhase section */

/* Begin PBXVariantGroup section */
		6FEBE13B177220B40091BE0F /* InfoPlist.strings */ = {
			isa = PBXVariantGroup;
			children = (
				6FEBE13C177220B40091BE0F /* en */,
			);
			name = InfoPlist.strings;
			sourceTree = "<group>";
		};
		6FEBE14D177220B40091BE0F /* QCViewController.xib */ = {
			isa = PBXVariantGroup;
			children = (
				6FEBE14E177220B40091BE0F /* en */,
			);
			name = QCViewController.xib;
			sourceTree = "<group>";
		};
/* End PBXVariantGroup section */

/* Begin XCBuildConfiguration section */
		6FEBE150177220B40091BE0F /* Debug */ = {
			isa = XCBuildConfiguration;
			buildSettings = {
				ALWAYS_SEARCH_USER_PATHS = NO;
				CLANG_CXX_LANGUAGE_STANDARD = "gnu++0x";
				CLANG_CXX_LIBRARY = "libc++";
				CLANG_ENABLE_OBJC_ARC = YES;
				CLANG_WARN_CONSTANT_CONVERSION = YES;
				CLANG_WARN_EMPTY_BODY = YES;
				CLANG_WARN_ENUM_CONVERSION = YES;
				CLANG_WARN_INT_CONVERSION = YES;
				CLANG_WARN__DUPLICATE_METHOD_MATCH = YES;
				"CODE_SIGN_IDENTITY[sdk=iphoneos*]" = "iPhone Developer";
				COPY_PHASE_STRIP = NO;
				GCC_C_LANGUAGE_STANDARD = gnu99;
				GCC_DYNAMIC_NO_PIC = NO;
				GCC_OPTIMIZATION_LEVEL = 0;
				GCC_PREPROCESSOR_DEFINITIONS = (
					"DEBUG=1",
					"$(inherited)",
				);
				GCC_SYMBOLS_PRIVATE_EXTERN = NO;
				GCC_WARN_ABOUT_RETURN_TYPE = YES;
				GCC_WARN_UNINITIALIZED_AUTOS = YES;
				GCC_WARN_UNUSED_VARIABLE = YES;
				IPHONEOS_DEPLOYMENT_TARGET = 6.1;
				ONLY_ACTIVE_ARCH = YES;
				SDKROOT = iphoneos;
			};
			name = Debug;
		};
		6FEBE151177220B40091BE0F /* Release */ = {
			isa = XCBuildConfiguration;
			buildSettings = {
				ALWAYS_SEARCH_USER_PATHS = NO;
				CLANG_CXX_LANGUAGE_STANDARD = "gnu++0x";
				CLANG_CXX_LIBRARY = "libc++";
				CLANG_ENABLE_OBJC_ARC = YES;
				CLANG_WARN_CONSTANT_CONVERSION = YES;
				CLANG_WARN_EMPTY_BODY = YES;
				CLANG_WARN_ENUM_CONVERSION = YES;
				CLANG_WARN_INT_CONVERSION = YES;
				CLANG_WARN__DUPLICATE_METHOD_MATCH = YES;
				"CODE_SIGN_IDENTITY[sdk=iphoneos*]" = "iPhone Developer";
				COPY_PHASE_STRIP = YES;
				GCC_C_LANGUAGE_STANDARD = gnu99;
				GCC_WARN_ABOUT_RETURN_TYPE = YES;
				GCC_WARN_UNINITIALIZED_AUTOS = YES;
				GCC_WARN_UNUSED_VARIABLE = YES;
				IPHONEOS_DEPLOYMENT_TARGET = 6.1;
				OTHER_CFLAGS = "-DNS_BLOCK_ASSERTIONS=1";
				SDKROOT = iphoneos;
				VALIDATE_PRODUCT = YES;
			};
			name = Release;
		};
		6FEBE153177220B40091BE0F /* Debug */ = {
			isa = XCBuildConfiguration;
			buildSettings = {
				GCC_PRECOMPILE_PREFIX_HEADER = YES;
				GCC_PREFIX_HEADER = "TemplateForTaskListProject/TemplateForTaskListProject-Prefix.pch";
				INFOPLIST_FILE = "TemplateForTaskListProject/TemplateForTaskListProject-Info.plist";
				PRODUCT_NAME = "$(TARGET_NAME)";
				WRAPPER_EXTENSION = app;
			};
			name = Debug;
		};
		6FEBE154177220B40091BE0F /* Release */ = {
			isa = XCBuildConfiguration;
			buildSettings = {
				GCC_PRECOMPILE_PREFIX_HEADER = YES;
				GCC_PREFIX_HEADER = "TemplateForTaskListProject/TemplateForTaskListProject-Prefix.pch";
				INFOPLIST_FILE = "TemplateForTaskListProject/TemplateForTaskListProject-Info.plist";
				PRODUCT_NAME = "$(TARGET_NAME)";
				WRAPPER_EXTENSION = app;
			};
			name = Release;
		};
/* End XCBuildConfiguration section */

/* Begin XCConfigurationList section */
		6FEBE12A177220B40091BE0F /* Build configuration list for PBXProject "TemplateForTaskListProject" */ = {
			isa = XCConfigurationList;
			buildConfigurations = (
				6FEBE150177220B40091BE0F /* Debug */,
				6FEBE151177220B40091BE0F /* Release */,
			);
			defaultConfigurationIsVisible = 0;
			defaultConfigurationName = Release;
		};
		6FEBE152177220B40091BE0F /* Build configuration list for PBXNativeTarget "TemplateForTaskListProject" */ = {
			isa = XCConfigurationList;
			buildConfigurations = (
				6FEBE153177220B40091BE0F /* Debug */,
				6FEBE154177220B40091BE0F /* Release */,
			);
			defaultConfigurationIsVisible = 0;
		};
/* End XCConfigurationList section */
	};
	rootObject = 6FEBE127177220B40091BE0F /* Project object */;
}
